
Microsoft Visual Studio Solution File, Format Version 12.00
# Visual Studio 15
VisualStudioVersion = 15.0.28307.421
MinimumVisualStudioVersion = 10.0.40219.1
Project("{9A19103F-16F7-4668-BE54-9A1E7A4F7556}") = "DataService", "DataService\DataService.csproj", "{8942D385-44A0-4FF2-9317-CA3DDFC73E81}"
EndProject
Project("{9A19103F-16F7-4668-BE54-9A1E7A4F7556}") = "DataService.Core", "DataService.Core\DataService.Core.csproj", "{97C18AE6-7A17-4A25-961A-6C4CEC021A63}"
EndProject
Project("{FAE04EC0-301F-11D3-BF4B-00C04F79EFBC}") = "DataService.Tests", "DataService.Tests\DataService.Tests.csproj", "{F3F42E69-60D2-46CC-A179-528F0E948108}"
EndProject
Global
	GlobalSection(SolutionConfigurationPlatforms) = preSolution
		Debug|Any CPU = Debug|Any CPU
		Release|Any CPU = Release|Any CPU
	EndGlobalSection
	GlobalSection(ProjectConfigurationPlatforms) = postSolution
		{8942D385-44A0-4FF2-9317-CA3DDFC73E81}.Debug|Any CPU.ActiveCfg = Debug|Any CPU
		{8942D385-44A0-4FF2-9317-CA3DDFC73E81}.Debug|Any CPU.Build.0 = Debug|Any CPU
		{8942D385-44A0-4FF2-9317-CA3DDFC73E81}.Release|Any CPU.ActiveCfg = Release|Any CPU
		{8942D385-44A0-4FF2-9317-CA3DDFC73E81}.Release|Any CPU.Build.0 = Release|Any CPU
		{97C18AE6-7A17-4A25-961A-6C4CEC021A63}.Debug|Any CPU.ActiveCfg = Debug|Any CPU
		{97C18AE6-7A17-4A25-961A-6C4CEC021A63}.Debug|Any CPU.Build.0 = Debug|Any CPU
		{97C18AE6-7A17-4A25-961A-6C4CEC021A63}.Release|Any CPU.ActiveCfg = Release|Any CPU
		{97C18AE6-7A17-4A25-961A-6C4CEC021A63}.Release|Any CPU.Build.0 = Release|Any CPU
		{F3F42E69-60D2-46CC-A179-528F0E948108}.Debug|Any CPU.ActiveCfg = Debug|Any CPU
		{F3F42E69-60D2-46CC-A179-528F0E948108}.Debug|Any CPU.Build.0 = Debug|Any CPU
		{F3F42E69-60D2-46CC-A179-528F0E948108}.Release|Any CPU.ActiveCfg = Release|Any CPU
		{F3F42E69-60D2-46CC-A179-528F0E948108}.Release|Any CPU.Build.0 = Release|Any CPU
	EndGlobalSection
	GlobalSection(SolutionProperties) = preSolution
		HideSolutionNode = FALSE
	EndGlobalSection
	GlobalSection(ExtensibilityGlobals) = postSolution
		SolutionGuid = {9843BAAC-B506-47E5-80C7-29955CC38EBF}
	EndGlobalSection
EndGlobal
